
Microsoft Visual Studio Solution File, Format Version 12.00
# Visual Studio Version 16
VisualStudioVersion = 16.0.33130.400
MinimumVisualStudioVersion = 10.0.40219.1
Project("{FAE04EC0-301F-11D3-BF4B-00C04F79EFBC}") = "TopDownGame", "TopDownGame\TopDownGame.csproj", "{8AF0CCD6-F9FD-43EA-AA43-3B7969CCA09D}"
EndProject
Global
	GlobalSection(SolutionConfigurationPlatforms) = preSolution
		Debug|Any CPU = Debug|Any CPU
		Release|Any CPU = Release|Any CPU
	EndGlobalSection
	GlobalSection(ProjectConfigurationPlatforms) = postSolution
		{8AF0CCD6-F9FD-43EA-AA43-3B7969CCA09D}.Debug|Any CPU.ActiveCfg = Debug|Any CPU
		{8AF0CCD6-F9FD-43EA-AA43-3B7969CCA09D}.Debug|Any CPU.Build.0 = Debug|Any CPU
		{8AF0CCD6-F9FD-43EA-AA43-3B7969CCA09D}.Release|Any CPU.ActiveCfg = Release|Any CPU
		{8AF0CCD6-F9FD-43EA-AA43-3B7969CCA09D}.Release|Any CPU.Build.0 = Release|Any CPU
	EndGlobalSection
	GlobalSection(SolutionProperties) = preSolution
		HideSolutionNode = FALSE
	EndGlobalSection
	GlobalSection(ExtensibilityGlobals) = postSolution
		SolutionGuid = {FB4D8F88-A051-411A-933F-24B6E867CEB7}
	EndGlobalSection
EndGlobal
